
Microsoft Visual Studio Solution File, Format Version 12.00
# Visual Studio 15
VisualStudioVersion = 15.0.26730.16
MinimumVisualStudioVersion = 10.0.40219.1
Project("{FAE04EC0-301F-11D3-BF4B-00C04F79EFBC}") = "GW2Messenger", "GW2Messenger\GW2Messenger.csproj", "{9C3222C8-95AE-4212-9403-E7827F290BC9}"
EndProject
Global
	GlobalSection(SolutionConfigurationPlatforms) = preSolution
		Debug|Any CPU = Debug|Any CPU
		Release|Any CPU = Release|Any CPU
	EndGlobalSection
	GlobalSection(ProjectConfigurationPlatforms) = postSolution
		{9C3222C8-95AE-4212-9403-E7827F290BC9}.Debug|Any CPU.ActiveCfg = Debug|Any CPU
		{9C3222C8-95AE-4212-9403-E7827F290BC9}.Debug|Any CPU.Build.0 = Debug|Any CPU
		{9C3222C8-95AE-4212-9403-E7827F290BC9}.Release|Any CPU.ActiveCfg = Release|Any CPU
		{9C3222C8-95AE-4212-9403-E7827F290BC9}.Release|Any CPU.Build.0 = Release|Any CPU
	EndGlobalSection
	GlobalSection(SolutionProperties) = preSolution
		HideSolutionNode = FALSE
	EndGlobalSection
	GlobalSection(ExtensibilityGlobals) = postSolution
		SolutionGuid = {17C485B1-4BD5-4BB3-A59A-B39F93CF1726}
	EndGlobalSection
EndGlobal
